
Microsoft Visual Studio Solution File, Format Version 12.00
# Visual Studio Version 16
VisualStudioVersion = 16.0.28803.202
MinimumVisualStudioVersion = 10.0.40219.1
Project("{FAE04EC0-301F-11D3-BF4B-00C04F79EFBC}") = "CTGP-7 Music Slot User", "CTGP-7 Music Slot User\CTGP-7 Music Slot User.csproj", "{2F56D1B5-BE87-4B09-B714-9FDF854393C0}"
EndProject
Global
	GlobalSection(SolutionConfigurationPlatforms) = preSolution
		Debug|Any CPU = Debug|Any CPU
		Release|Any CPU = Release|Any CPU
	EndGlobalSection
	GlobalSection(ProjectConfigurationPlatforms) = postSolution
		{2F56D1B5-BE87-4B09-B714-9FDF854393C0}.Debug|Any CPU.ActiveCfg = Debug|Any CPU
		{2F56D1B5-BE87-4B09-B714-9FDF854393C0}.Debug|Any CPU.Build.0 = Debug|Any CPU
		{2F56D1B5-BE87-4B09-B714-9FDF854393C0}.Release|Any CPU.ActiveCfg = Release|Any CPU
		{2F56D1B5-BE87-4B09-B714-9FDF854393C0}.Release|Any CPU.Build.0 = Release|Any CPU
	EndGlobalSection
	GlobalSection(SolutionProperties) = preSolution
		HideSolutionNode = FALSE
	EndGlobalSection
	GlobalSection(ExtensibilityGlobals) = postSolution
		SolutionGuid = {3A7E36EB-E095-4DCE-9900-D4F85BB73B27}
	EndGlobalSection
EndGlobal
